
Microsoft Visual Studio Solution File, Format Version 12.00
# Visual Studio Version 17
VisualStudioVersion = 17.9.34622.214
MinimumVisualStudioVersion = 10.0.40219.1
Project("{FAE04EC0-301F-11D3-BF4B-00C04F79EFBC}") = "Task1", "Task1.csproj", "{CC88E5F0-4A5C-42F8-8C44-ECFB83884764}"
EndProject
Project("{FAE04EC0-301F-11D3-BF4B-00C04F79EFBC}") = "Task2", "..\Task2\Task2.csproj", "{63527989-06D4-48F2-AC31-7C7D43E961A1}"
EndProject
Global
	GlobalSection(SolutionConfigurationPlatforms) = preSolution
		Debug|Any CPU = Debug|Any CPU
		Release|Any CPU = Release|Any CPU
	EndGlobalSection
	GlobalSection(ProjectConfigurationPlatforms) = postSolution
		{CC88E5F0-4A5C-42F8-8C44-ECFB83884764}.Debug|Any CPU.ActiveCfg = Debug|Any CPU
		{CC88E5F0-4A5C-42F8-8C44-ECFB83884764}.Debug|Any CPU.Build.0 = Debug|Any CPU
		{CC88E5F0-4A5C-42F8-8C44-ECFB83884764}.Release|Any CPU.ActiveCfg = Release|Any CPU
		{CC88E5F0-4A5C-42F8-8C44-ECFB83884764}.Release|Any CPU.Build.0 = Release|Any CPU
		{63527989-06D4-48F2-AC31-7C7D43E961A1}.Debug|Any CPU.ActiveCfg = Debug|Any CPU
		{63527989-06D4-48F2-AC31-7C7D43E961A1}.Debug|Any CPU.Build.0 = Debug|Any CPU
		{63527989-06D4-48F2-AC31-7C7D43E961A1}.Release|Any CPU.ActiveCfg = Release|Any CPU
		{63527989-06D4-48F2-AC31-7C7D43E961A1}.Release|Any CPU.Build.0 = Release|Any CPU
	EndGlobalSection
	GlobalSection(SolutionProperties) = preSolution
		HideSolutionNode = FALSE
	EndGlobalSection
	GlobalSection(ExtensibilityGlobals) = postSolution
		SolutionGuid = {D2CF5BCD-3406-4C18-8ED3-574A7A47AD3F}
	EndGlobalSection
EndGlobal
